// !$*UTF8*$!
{
	archiveVersion = 1;
	classes = {
	};
	objectVersion = 48;
	objects = {

/* Begin PBXBuildFile section */
		BC6D01F41FFB30B000ABBEBE /* hubblecast.m4v in Resources */ = {isa = PBXBuildFile; fileRef = BC6D01F31FFB30B000ABBEBE /* hubblecast.m4v */; };
		BC6D01F71FFB30C300ABBEBE /* VideoPlayerViewController.m in Sources */ = {isa = PBXBuildFile; fileRef = BC6D01F61FFB30C300ABBEBE /* VideoPlayerViewController.m */; };
		BC6D020D1FFB319B00ABBEBE /* MYThumbnail.m in Sources */ = {isa = PBXBuildFile; fileRef = BC6D01FA1FFB319B00ABBEBE /* MYThumbnail.m */; };
		BC6D020E1FFB319B00ABBEBE /* MYVideoPlayerResource.bundle in Resources */ = {isa = PBXBuildFile; fileRef = BC6D01FD1FFB319B00ABBEBE /* MYVideoPlayerResource.bundle */; };
		BC6D020F1FFB319B00ABBEBE /* MYPlayerController.m in Sources */ = {isa = PBXBuildFile; fileRef = BC6D01FF1FFB319B00ABBEBE /* MYPlayerController.m */; };
		BC6D02101FFB319B00ABBEBE /* MYPlayerViewController.m in Sources */ = {isa = PBXBuildFile; fileRef = BC6D02001FFB319B00ABBEBE /* MYPlayerViewController.m */; };
		BC6D02111FFB319B00ABBEBE /* MYSubtitleViewController.m in Sources */ = {isa = PBXBuildFile; fileRef = BC6D02051FFB319B00ABBEBE /* MYSubtitleViewController.m */; };
		BC6D02121FFB319B00ABBEBE /* MYStillsListViewController.m in Sources */ = {isa = PBXBuildFile; fileRef = BC6D02061FFB319B00ABBEBE /* MYStillsListViewController.m */; };
		BC6D02131FFB319B00ABBEBE /* MYPlayerOverlayView.m in Sources */ = {isa = PBXBuildFile; fileRef = BC6D02081FFB319B00ABBEBE /* MYPlayerOverlayView.m */; };
		BC6D02141FFB319B00ABBEBE /* MYPlayerOverlayView.xib in Resources */ = {isa = PBXBuildFile; fileRef = BC6D02091FFB319B00ABBEBE /* MYPlayerOverlayView.xib */; };
		BC6D02151FFB319B00ABBEBE /* MYPlayerView.m in Sources */ = {isa = PBXBuildFile; fileRef = BC6D020A1FFB319B00ABBEBE /* MYPlayerView.m */; };
		BC857CFC1FDE2BAE00E9D1E7 /* AppDelegate.m in Sources */ = {isa = PBXBuildFile; fileRef = BC857CFB1FDE2BAE00E9D1E7 /* AppDelegate.m */; };
		BC857CFF1FDE2BAE00E9D1E7 /* ViewController.m in Sources */ = {isa = PBXBuildFile; fileRef = BC857CFE1FDE2BAE00E9D1E7 /* ViewController.m */; };
		BC857D021FDE2BAE00E9D1E7 /* Main.storyboard in Resources */ = {isa = PBXBuildFile; fileRef = BC857D001FDE2BAE00E9D1E7 /* Main.storyboard */; };
		BC857D041FDE2BAE00E9D1E7 /* Assets.xcassets in Resources */ = {isa = PBXBuildFile; fileRef = BC857D031FDE2BAE00E9D1E7 /* Assets.xcassets */; };
		BC857D071FDE2BAE00E9D1E7 /* LaunchScreen.storyboard in Resources */ = {isa = PBXBuildFile; fileRef = BC857D051FDE2BAE00E9D1E7 /* LaunchScreen.storyboard */; };
		BC857D0A1FDE2BAE00E9D1E7 /* main.m in Sources */ = {isa = PBXBuildFile; fileRef = BC857D091FDE2BAE00E9D1E7 /* main.m */; };
		BC857D141FDE2BAE00E9D1E7 /* MYAVFoundationTests.m in Sources */ = {isa = PBXBuildFile; fileRef = BC857D131FDE2BAE00E9D1E7 /* MYAVFoundationTests.m */; };
		BC857D1F1FDE2BAE00E9D1E7 /* MYAVFoundationUITests.m in Sources */ = {isa = PBXBuildFile; fileRef = BC857D1E1FDE2BAE00E9D1E7 /* MYAVFoundationUITests.m */; };
		BC857D3E1FDE2CEF00E9D1E7 /* MYMetadataConverterFactory.m in Sources */ = {isa = PBXBuildFile; fileRef = BC857D331FDE2CEF00E9D1E7 /* MYMetadataConverterFactory.m */; };
		BC857D3F1FDE2CEF00E9D1E7 /* MYDefaultMetadataConverter.m in Sources */ = {isa = PBXBuildFile; fileRef = BC857D341FDE2CEF00E9D1E7 /* MYDefaultMetadataConverter.m */; };
		BC857D401FDE2CEF00E9D1E7 /* MYGenre.m in Sources */ = {isa = PBXBuildFile; fileRef = BC857D391FDE2CEF00E9D1E7 /* MYGenre.m */; };
		BC857D411FDE2CEF00E9D1E7 /* MYMetadataItem.m in Sources */ = {isa = PBXBuildFile; fileRef = BC857D3A1FDE2CEF00E9D1E7 /* MYMetadataItem.m */; };
		BC857D421FDE2CEF00E9D1E7 /* MYMetadata.m in Sources */ = {isa = PBXBuildFile; fileRef = BC857D3B1FDE2CEF00E9D1E7 /* MYMetadata.m */; };
		BC857D431FDE2CEF00E9D1E7 /* AVMetadataItem+Extension.m in Sources */ = {isa = PBXBuildFile; fileRef = BC857D3C1FDE2CEF00E9D1E7 /* AVMetadataItem+Extension.m */; };
		BC857D441FDE2CEF00E9D1E7 /* MYMetadataKeys.m in Sources */ = {isa = PBXBuildFile; fileRef = BC857D3D1FDE2CEF00E9D1E7 /* MYMetadataKeys.m */; };
		BC857D4E1FDE2FB300E9D1E7 /* MetadataViewController.m in Sources */ = {isa = PBXBuildFile; fileRef = BC857D4D1FDE2FB300E9D1E7 /* MetadataViewController.m */; };
		BC857D521FDE303D00E9D1E7 /* DetailViewController.xib in Resources */ = {isa = PBXBuildFile; fileRef = BC857D4F1FDE303D00E9D1E7 /* DetailViewController.xib */; };
		BC857D531FDE303D00E9D1E7 /* DetailViewController.m in Sources */ = {isa = PBXBuildFile; fileRef = BC857D501FDE303D00E9D1E7 /* DetailViewController.m */; };
		BC857D5B1FDE308200E9D1E7 /* Charlie The Unicorn.m4v in Resources */ = {isa = PBXBuildFile; fileRef = BC857D551FDE308200E9D1E7 /* Charlie The Unicorn.m4v */; };
		BC857D5C1FDE308200E9D1E7 /* Hubblecast.mov in Resources */ = {isa = PBXBuildFile; fileRef = BC857D561FDE308200E9D1E7 /* Hubblecast.mov */; };
		BC857D5D1FDE308200E9D1E7 /* 02 Demo ID3v2.2.mp3 in Resources */ = {isa = PBXBuildFile; fileRef = BC857D571FDE308200E9D1E7 /* 02 Demo ID3v2.2.mp3 */; };
		BC857D5E1FDE308200E9D1E7 /* 03 Demo ID3v2.3.mp3 in Resources */ = {isa = PBXBuildFile; fileRef = BC857D581FDE308200E9D1E7 /* 03 Demo ID3v2.3.mp3 */; };
		BC857D5F1FDE308200E9D1E7 /* 01 Demo AAC.m4a in Resources */ = {isa = PBXBuildFile; fileRef = BC857D591FDE308200E9D1E7 /* 01 Demo AAC.m4a */; };
		BC857D601FDE308200E9D1E7 /* 04 Demo ID3v2.4.mp3 in Resources */ = {isa = PBXBuildFile; fileRef = BC857D5A1FDE308200E9D1E7 /* 04 Demo ID3v2.4.mp3 */; };
		BC940FCE200C9684002431B7 /* 照相.png in Resources */ = {isa = PBXBuildFile; fileRef = BC940FCD200C9684002431B7 /* 照相.png */; };
		BC940FD1200C96B5002431B7 /* VideoRecorderViewController.m in Sources */ = {isa = PBXBuildFile; fileRef = BC940FD0200C96B5002431B7 /* VideoRecorderViewController.m */; };
		BC940FF2200C9A2B002431B7 /* MYRecorderViewController.m in Sources */ = {isa = PBXBuildFile; fileRef = BC940FE7200C9A2B002431B7 /* MYRecorderViewController.m */; };
		BC940FF3200C9A2B002431B7 /* MYRecorderController.m in Sources */ = {isa = PBXBuildFile; fileRef = BC940FE8200C9A2B002431B7 /* MYRecorderController.m */; };
		BC940FF4200C9A2B002431B7 /* MYRecorderOverlayView.m in Sources */ = {isa = PBXBuildFile; fileRef = BC940FEC200C9A2B002431B7 /* MYRecorderOverlayView.m */; };
		BC940FF5200C9A2B002431B7 /* MYPreviewView.m in Sources */ = {isa = PBXBuildFile; fileRef = BC940FED200C9A2B002431B7 /* MYPreviewView.m */; };
		BC940FF6200C9A2B002431B7 /* MYRecorderOverlayView.xib in Resources */ = {isa = PBXBuildFile; fileRef = BC940FEE200C9A2B002431B7 /* MYRecorderOverlayView.xib */; };
		BC940FF7200C9A2B002431B7 /* MYVideoRecorderResource.bundle in Resources */ = {isa = PBXBuildFile; fileRef = BC940FF1200C9A2B002431B7 /* MYVideoRecorderResource.bundle */; };
/* End PBXBuildFile section */

/* Begin PBXContainerItemProxy section */
		BC857D101FDE2BAE00E9D1E7 /* PBXContainerItemProxy */ = {
			isa = PBXContainerItemProxy;
			containerPortal = BC857CEF1FDE2BAE00E9D1E7 /* Project object */;
			proxyType = 1;
			remoteGlobalIDString = BC857CF61FDE2BAE00E9D1E7;
			remoteInfo = MYAVFoundation;
		};
		BC857D1B1FDE2BAE00E9D1E7 /* PBXContainerItemProxy */ = {
			isa = PBXContainerItemProxy;
			containerPortal = BC857CEF1FDE2BAE00E9D1E7 /* Project object */;
			proxyType = 1;
			remoteGlobalIDString = BC857CF61FDE2BAE00E9D1E7;
			remoteInfo = MYAVFoundation;
		};
/* End PBXContainerItemProxy section */

/* Begin PBXFileReference section */
		BC6D01F31FFB30B000ABBEBE /* hubblecast.m4v */ = {isa = PBXFileReference; lastKnownFileType = file; path = hubblecast.m4v; sourceTree = "<group>"; };
		BC6D01F51FFB30C300ABBEBE /* VideoPlayerViewController.h */ = {isa = PBXFileReference; lastKnownFileType = sourcecode.c.h; path = VideoPlayerViewController.h; sourceTree = "<group>"; };
		BC6D01F61FFB30C300ABBEBE /* VideoPlayerViewController.m */ = {isa = PBXFileReference; lastKnownFileType = sourcecode.c.objc; path = VideoPlayerViewController.m; sourceTree = "<group>"; };
		BC6D01FA1FFB319B00ABBEBE /* MYThumbnail.m */ = {isa = PBXFileReference; fileEncoding = 4; lastKnownFileType = sourcecode.c.objc; path = MYThumbnail.m; sourceTree = "<group>"; };
		BC6D01FB1FFB319B00ABBEBE /* MYTransport.h */ = {isa = PBXFileReference; fileEncoding = 4; lastKnownFileType = sourcecode.c.h; path = MYTransport.h; sourceTree = "<group>"; };
		BC6D01FC1FFB319B00ABBEBE /* MYThumbnail.h */ = {isa = PBXFileReference; fileEncoding = 4; lastKnownFileType = sourcecode.c.h; path = MYThumbnail.h; sourceTree = "<group>"; };
		BC6D01FD1FFB319B00ABBEBE /* MYVideoPlayerResource.bundle */ = {isa = PBXFileReference; lastKnownFileType = "wrapper.plug-in"; path = MYVideoPlayerResource.bundle; sourceTree = "<group>"; };
		BC6D01FF1FFB319B00ABBEBE /* MYPlayerController.m */ = {isa = PBXFileReference; fileEncoding = 4; lastKnownFileType = sourcecode.c.objc; path = MYPlayerController.m; sourceTree = "<group>"; };
		BC6D02001FFB319B00ABBEBE /* MYPlayerViewController.m */ = {isa = PBXFileReference; fileEncoding = 4; lastKnownFileType = sourcecode.c.objc; path = MYPlayerViewController.m; sourceTree = "<group>"; };
		BC6D02011FFB319B00ABBEBE /* MYSubtitleViewController.h */ = {isa = PBXFileReference; fileEncoding = 4; lastKnownFileType = sourcecode.c.h; path = MYSubtitleViewController.h; sourceTree = "<group>"; };
		BC6D02021FFB319B00ABBEBE /* MYStillsListViewController.h */ = {isa = PBXFileReference; fileEncoding = 4; lastKnownFileType = sourcecode.c.h; path = MYStillsListViewController.h; sourceTree = "<group>"; };
		BC6D02031FFB319B00ABBEBE /* MYPlayerViewController.h */ = {isa = PBXFileReference; fileEncoding = 4; lastKnownFileType = sourcecode.c.h; path = MYPlayerViewController.h; sourceTree = "<group>"; };
		BC6D02041FFB319B00ABBEBE /* MYPlayerController.h */ = {isa = PBXFileReference; fileEncoding = 4; lastKnownFileType = sourcecode.c.h; path = MYPlayerController.h; sourceTree = "<group>"; };
		BC6D02051FFB319B00ABBEBE /* MYSubtitleViewController.m */ = {isa = PBXFileReference; fileEncoding = 4; lastKnownFileType = sourcecode.c.objc; path = MYSubtitleViewController.m; sourceTree = "<group>"; };
		BC6D02061FFB319B00ABBEBE /* MYStillsListViewController.m */ = {isa = PBXFileReference; fileEncoding = 4; lastKnownFileType = sourcecode.c.objc; path = MYStillsListViewController.m; sourceTree = "<group>"; };
		BC6D02081FFB319B00ABBEBE /* MYPlayerOverlayView.m */ = {isa = PBXFileReference; fileEncoding = 4; lastKnownFileType = sourcecode.c.objc; path = MYPlayerOverlayView.m; sourceTree = "<group>"; };
		BC6D02091FFB319B00ABBEBE /* MYPlayerOverlayView.xib */ = {isa = PBXFileReference; fileEncoding = 4; lastKnownFileType = file.xib; path = MYPlayerOverlayView.xib; sourceTree = "<group>"; };
		BC6D020A1FFB319B00ABBEBE /* MYPlayerView.m */ = {isa = PBXFileReference; fileEncoding = 4; lastKnownFileType = sourcecode.c.objc; path = MYPlayerView.m; sourceTree = "<group>"; };
		BC6D020B1FFB319B00ABBEBE /* MYPlayerOverlayView.h */ = {isa = PBXFileReference; fileEncoding = 4; lastKnownFileType = sourcecode.c.h; path = MYPlayerOverlayView.h; sourceTree = "<group>"; };
		BC6D020C1FFB319B00ABBEBE /* MYPlayerView.h */ = {isa = PBXFileReference; fileEncoding = 4; lastKnownFileType = sourcecode.c.h; path = MYPlayerView.h; sourceTree = "<group>"; };
		BC857CF71FDE2BAE00E9D1E7 /* MYAVFoundation.app */ = {isa = PBXFileReference; explicitFileType = wrapper.application; includeInIndex = 0; path = MYAVFoundation.app; sourceTree = BUILT_PRODUCTS_DIR; };
		BC857CFA1FDE2BAE00E9D1E7 /* AppDelegate.h */ = {isa = PBXFileReference; lastKnownFileType = sourcecode.c.h; path = AppDelegate.h; sourceTree = "<group>"; };
		BC857CFB1FDE2BAE00E9D1E7 /* AppDelegate.m */ = {isa = PBXFileReference; lastKnownFileType = sourcecode.c.objc; path = AppDelegate.m; sourceTree = "<group>"; };
		BC857CFD1FDE2BAE00E9D1E7 /* ViewController.h */ = {isa = PBXFileReference; lastKnownFileType = sourcecode.c.h; path = ViewController.h; sourceTree = "<group>"; };
		BC857CFE1FDE2BAE00E9D1E7 /* ViewController.m */ = {isa = PBXFileReference; lastKnownFileType = sourcecode.c.objc; path = ViewController.m; sourceTree = "<group>"; };
		BC857D011FDE2BAE00E9D1E7 /* Base */ = {isa = PBXFileReference; lastKnownFileType = file.storyboard; name = Base; path = Base.lproj/Main.storyboard; sourceTree = "<group>"; };
		BC857D031FDE2BAE00E9D1E7 /* Assets.xcassets */ = {isa = PBXFileReference; lastKnownFileType = folder.assetcatalog; path = Assets.xcassets; sourceTree = "<group>"; };
		BC857D061FDE2BAE00E9D1E7 /* Base */ = {isa = PBXFileReference; lastKnownFileType = file.storyboard; name = Base; path = Base.lproj/LaunchScreen.storyboard; sourceTree = "<group>"; };
		BC857D081FDE2BAE00E9D1E7 /* Info.plist */ = {isa = PBXFileReference; lastKnownFileType = text.plist.xml; path = Info.plist; sourceTree = "<group>"; };
		BC857D091FDE2BAE00E9D1E7 /* main.m */ = {isa = PBXFileReference; lastKnownFileType = sourcecode.c.objc; path = main.m; sourceTree = "<group>"; };
		BC857D0F1FDE2BAE00E9D1E7 /* MYAVFoundationTests.xctest */ = {isa = PBXFileReference; explicitFileType = wrapper.cfbundle; includeInIndex = 0; path = MYAVFoundationTests.xctest; sourceTree = BUILT_PRODUCTS_DIR; };
		BC857D131FDE2BAE00E9D1E7 /* MYAVFoundationTests.m */ = {isa = PBXFileReference; lastKnownFileType = sourcecode.c.objc; path = MYAVFoundationTests.m; sourceTree = "<group>"; };
		BC857D151FDE2BAE00E9D1E7 /* Info.plist */ = {isa = PBXFileReference; lastKnownFileType = text.plist.xml; path = Info.plist; sourceTree = "<group>"; };
		BC857D1A1FDE2BAE00E9D1E7 /* MYAVFoundationUITests.xctest */ = {isa = PBXFileReference; explicitFileType = wrapper.cfbundle; includeInIndex = 0; path = MYAVFoundationUITests.xctest; sourceTree = BUILT_PRODUCTS_DIR; };
		BC857D1E1FDE2BAE00E9D1E7 /* MYAVFoundationUITests.m */ = {isa = PBXFileReference; lastKnownFileType = sourcecode.c.objc; path = MYAVFoundationUITests.m; sourceTree = "<group>"; };
		BC857D201FDE2BAE00E9D1E7 /* Info.plist */ = {isa = PBXFileReference; lastKnownFileType = text.plist.xml; path = Info.plist; sourceTree = "<group>"; };
		BC857D2E1FDE2CEF00E9D1E7 /* MYGenre.h */ = {isa = PBXFileReference; fileEncoding = 4; lastKnownFileType = sourcecode.c.h; path = MYGenre.h; sourceTree = "<group>"; };
		BC857D2F1FDE2CEF00E9D1E7 /* MYMetadataItem.h */ = {isa = PBXFileReference; fileEncoding = 4; lastKnownFileType = sourcecode.c.h; path = MYMetadataItem.h; sourceTree = "<group>"; };
		BC857D301FDE2CEF00E9D1E7 /* MYMetadata.h */ = {isa = PBXFileReference; fileEncoding = 4; lastKnownFileType = sourcecode.c.h; path = MYMetadata.h; sourceTree = "<group>"; };
		BC857D321FDE2CEF00E9D1E7 /* MYDefaultMetadataConverter.h */ = {isa = PBXFileReference; fileEncoding = 4; lastKnownFileType = sourcecode.c.h; path = MYDefaultMetadataConverter.h; sourceTree = "<group>"; };
		BC857D331FDE2CEF00E9D1E7 /* MYMetadataConverterFactory.m */ = {isa = PBXFileReference; fileEncoding = 4; lastKnownFileType = sourcecode.c.objc; path = MYMetadataConverterFactory.m; sourceTree = "<group>"; };
		BC857D341FDE2CEF00E9D1E7 /* MYDefaultMetadataConverter.m */ = {isa = PBXFileReference; fileEncoding = 4; lastKnownFileType = sourcecode.c.objc; path = MYDefaultMetadataConverter.m; sourceTree = "<group>"; };
		BC857D351FDE2CEF00E9D1E7 /* MYMetadataConverter.h */ = {isa = PBXFileReference; fileEncoding = 4; lastKnownFileType = sourcecode.c.h; path = MYMetadataConverter.h; sourceTree = "<group>"; };
		BC857D361FDE2CEF00E9D1E7 /* MYMetadataConverterFactory.h */ = {isa = PBXFileReference; fileEncoding = 4; lastKnownFileType = sourcecode.c.h; path = MYMetadataConverterFactory.h; sourceTree = "<group>"; };
		BC857D371FDE2CEF00E9D1E7 /* MYMetadataKeys.h */ = {isa = PBXFileReference; fileEncoding = 4; lastKnownFileType = sourcecode.c.h; path = MYMetadataKeys.h; sourceTree = "<group>"; };
		BC857D381FDE2CEF00E9D1E7 /* AVMetadataItem+Extension.h */ = {isa = PBXFileReference; fileEncoding = 4; lastKnownFileType = sourcecode.c.h; path = "AVMetadataItem+Extension.h"; sourceTree = "<group>"; };
		BC857D391FDE2CEF00E9D1E7 /* MYGenre.m */ = {isa = PBXFileReference; fileEncoding = 4; lastKnownFileType = sourcecode.c.objc; path = MYGenre.m; sourceTree = "<group>"; };
		BC857D3A1FDE2CEF00E9D1E7 /* MYMetadataItem.m */ = {isa = PBXFileReference; fileEncoding = 4; lastKnownFileType = sourcecode.c.objc; path = MYMetadataItem.m; sourceTree = "<group>"; };
		BC857D3B1FDE2CEF00E9D1E7 /* MYMetadata.m */ = {isa = PBXFileReference; fileEncoding = 4; lastKnownFileType = sourcecode.c.objc; path = MYMetadata.m; sourceTree = "<group>"; };
		BC857D3C1FDE2CEF00E9D1E7 /* AVMetadataItem+Extension.m */ = {isa = PBXFileReference; fileEncoding = 4; lastKnownFileType = sourcecode.c.objc; path = "AVMetadataItem+Extension.m"; sourceTree = "<group>"; };
		BC857D3D1FDE2CEF00E9D1E7 /* MYMetadataKeys.m */ = {isa = PBXFileReference; fileEncoding = 4; lastKnownFileType = sourcecode.c.objc; path = MYMetadataKeys.m; sourceTree = "<group>"; };
		BC857D461FDE2DB000E9D1E7 /* MYAVFoundation.h */ = {isa = PBXFileReference; lastKnownFileType = sourcecode.c.h; path = MYAVFoundation.h; sourceTree = "<group>"; };
		BC857D4C1FDE2FB300E9D1E7 /* MetadataViewController.h */ = {isa = PBXFileReference; lastKnownFileType = sourcecode.c.h; path = MetadataViewController.h; sourceTree = "<group>"; };
		BC857D4D1FDE2FB300E9D1E7 /* MetadataViewController.m */ = {isa = PBXFileReference; lastKnownFileType = sourcecode.c.objc; path = MetadataViewController.m; sourceTree = "<group>"; };
		BC857D4F1FDE303D00E9D1E7 /* DetailViewController.xib */ = {isa = PBXFileReference; fileEncoding = 4; lastKnownFileType = file.xib; path = DetailViewController.xib; sourceTree = "<group>"; };
		BC857D501FDE303D00E9D1E7 /* DetailViewController.m */ = {isa = PBXFileReference; fileEncoding = 4; lastKnownFileType = sourcecode.c.objc; path = DetailViewController.m; sourceTree = "<group>"; };
		BC857D511FDE303D00E9D1E7 /* DetailViewController.h */ = {isa = PBXFileReference; fileEncoding = 4; lastKnownFileType = sourcecode.c.h; path = DetailViewController.h; sourceTree = "<group>"; };
		BC857D551FDE308200E9D1E7 /* Charlie The Unicorn.m4v */ = {isa = PBXFileReference; lastKnownFileType = file; path = "Charlie The Unicorn.m4v"; sourceTree = "<group>"; };
		BC857D561FDE308200E9D1E7 /* Hubblecast.mov */ = {isa = PBXFileReference; lastKnownFileType = video.quicktime; path = Hubblecast.mov; sourceTree = "<group>"; };
		BC857D571FDE308200E9D1E7 /* 02 Demo ID3v2.2.mp3 */ = {isa = PBXFileReference; lastKnownFileType = audio.mp3; path = "02 Demo ID3v2.2.mp3"; sourceTree = "<group>"; };
		BC857D581FDE308200E9D1E7 /* 03 Demo ID3v2.3.mp3 */ = {isa = PBXFileReference; lastKnownFileType = audio.mp3; path = "03 Demo ID3v2.3.mp3"; sourceTree = "<group>"; };
		BC857D591FDE308200E9D1E7 /* 01 Demo AAC.m4a */ = {isa = PBXFileReference; lastKnownFileType = file; path = "01 Demo AAC.m4a"; sourceTree = "<group>"; };
		BC857D5A1FDE308200E9D1E7 /* 04 Demo ID3v2.4.mp3 */ = {isa = PBXFileReference; lastKnownFileType = audio.mp3; path = "04 Demo ID3v2.4.mp3"; sourceTree = "<group>"; };
		BC940FCD200C9684002431B7 /* 照相.png */ = {isa = PBXFileReference; lastKnownFileType = image.png; path = "照相.png"; sourceTree = "<group>"; };
		BC940FCF200C96B5002431B7 /* VideoRecorderViewController.h */ = {isa = PBXFileReference; lastKnownFileType = sourcecode.c.h; path = VideoRecorderViewController.h; sourceTree = "<group>"; };
		BC940FD0200C96B5002431B7 /* VideoRecorderViewController.m */ = {isa = PBXFileReference; lastKnownFileType = sourcecode.c.objc; path = VideoRecorderViewController.m; sourceTree = "<group>"; };
		BC940FE7200C9A2B002431B7 /* MYRecorderViewController.m */ = {isa = PBXFileReference; fileEncoding = 4; lastKnownFileType = sourcecode.c.objc; path = MYRecorderViewController.m; sourceTree = "<group>"; };
		BC940FE8200C9A2B002431B7 /* MYRecorderController.m */ = {isa = PBXFileReference; fileEncoding = 4; lastKnownFileType = sourcecode.c.objc; path = MYRecorderController.m; sourceTree = "<group>"; };
		BC940FE9200C9A2B002431B7 /* MYRecorderViewController.h */ = {isa = PBXFileReference; fileEncoding = 4; lastKnownFileType = sourcecode.c.h; path = MYRecorderViewController.h; sourceTree = "<group>"; };
		BC940FEA200C9A2B002431B7 /* MYRecorderController.h */ = {isa = PBXFileReference; fileEncoding = 4; lastKnownFileType = sourcecode.c.h; path = MYRecorderController.h; sourceTree = "<group>"; };
		BC940FEC200C9A2B002431B7 /* MYRecorderOverlayView.m */ = {isa = PBXFileReference; fileEncoding = 4; lastKnownFileType = sourcecode.c.objc; path = MYRecorderOverlayView.m; sourceTree = "<group>"; };
		BC940FED200C9A2B002431B7 /* MYPreviewView.m */ = {isa = PBXFileReference; fileEncoding = 4; lastKnownFileType = sourcecode.c.objc; path = MYPreviewView.m; sourceTree = "<group>"; };
		BC940FEE200C9A2B002431B7 /* MYRecorderOverlayView.xib */ = {isa = PBXFileReference; fileEncoding = 4; lastKnownFileType = file.xib; path = MYRecorderOverlayView.xib; sourceTree = "<group>"; };
		BC940FEF200C9A2B002431B7 /* MYRecorderOverlayView.h */ = {isa = PBXFileReference; fileEncoding = 4; lastKnownFileType = sourcecode.c.h; path = MYRecorderOverlayView.h; sourceTree = "<group>"; };
		BC940FF0200C9A2B002431B7 /* MYPreviewView.h */ = {isa = PBXFileReference; fileEncoding = 4; lastKnownFileType = sourcecode.c.h; path = MYPreviewView.h; sourceTree = "<group>"; };
		BC940FF1200C9A2B002431B7 /* MYVideoRecorderResource.bundle */ = {isa = PBXFileReference; lastKnownFileType = "wrapper.plug-in"; path = MYVideoRecorderResource.bundle; sourceTree = "<group>"; };
/* End PBXFileReference section */

/* Begin PBXFrameworksBuildPhase section */
		BC857CF41FDE2BAE00E9D1E7 /* Frameworks */ = {
			isa = PBXFrameworksBuildPhase;
			buildActionMask = 2147483647;
			files = (
			);
			runOnlyForDeploymentPostprocessing = 0;
		};
		BC857D0C1FDE2BAE00E9D1E7 /* Frameworks */ = {
			isa = PBXFrameworksBuildPhase;
			buildActionMask = 2147483647;
			files = (
			);
			runOnlyForDeploymentPostprocessing = 0;
		};
		BC857D171FDE2BAE00E9D1E7 /* Frameworks */ = {
			isa = PBXFrameworksBuildPhase;
			buildActionMask = 2147483647;
			files = (
			);
			runOnlyForDeploymentPostprocessing = 0;
		};
/* End PBXFrameworksBuildPhase section */

/* Begin PBXGroup section */
		BC6D01F11FFB307800ABBEBE /* MYVideoPlayerDemo */ = {
			isa = PBXGroup;
			children = (
				BC6D01F21FFB30B000ABBEBE /* Media */,
				BC6D01F51FFB30C300ABBEBE /* VideoPlayerViewController.h */,
				BC6D01F61FFB30C300ABBEBE /* VideoPlayerViewController.m */,
			);
			path = MYVideoPlayerDemo;
			sourceTree = "<group>";
		};
		BC6D01F21FFB30B000ABBEBE /* Media */ = {
			isa = PBXGroup;
			children = (
				BC6D01F31FFB30B000ABBEBE /* hubblecast.m4v */,
			);
			path = Media;
			sourceTree = "<group>";
		};
		BC6D01F81FFB319B00ABBEBE /* MYVideoPlayer */ = {
			isa = PBXGroup;
			children = (
				BC6D01F91FFB319B00ABBEBE /* Models */,
				BC6D01FD1FFB319B00ABBEBE /* MYVideoPlayerResource.bundle */,
				BC6D01FE1FFB319B00ABBEBE /* Controllers */,
				BC6D02071FFB319B00ABBEBE /* Views */,
			);
			path = MYVideoPlayer;
			sourceTree = "<group>";
		};
		BC6D01F91FFB319B00ABBEBE /* Models */ = {
			isa = PBXGroup;
			children = (
				BC6D01FA1FFB319B00ABBEBE /* MYThumbnail.m */,
				BC6D01FB1FFB319B00ABBEBE /* MYTransport.h */,
				BC6D01FC1FFB319B00ABBEBE /* MYThumbnail.h */,
			);
			path = Models;
			sourceTree = "<group>";
		};
		BC6D01FE1FFB319B00ABBEBE /* Controllers */ = {
			isa = PBXGroup;
			children = (
				BC6D01FF1FFB319B00ABBEBE /* MYPlayerController.m */,
				BC6D02001FFB319B00ABBEBE /* MYPlayerViewController.m */,
				BC6D02011FFB319B00ABBEBE /* MYSubtitleViewController.h */,
				BC6D02021FFB319B00ABBEBE /* MYStillsListViewController.h */,
				BC6D02031FFB319B00ABBEBE /* MYPlayerViewController.h */,
				BC6D02041FFB319B00ABBEBE /* MYPlayerController.h */,
				BC6D02051FFB319B00ABBEBE /* MYSubtitleViewController.m */,
				BC6D02061FFB319B00ABBEBE /* MYStillsListViewController.m */,
			);
			path = Controllers;
			sourceTree = "<group>";
		};
		BC6D02071FFB319B00ABBEBE /* Views */ = {
			isa = PBXGroup;
			children = (
				BC6D02081FFB319B00ABBEBE /* MYPlayerOverlayView.m */,
				BC6D02091FFB319B00ABBEBE /* MYPlayerOverlayView.xib */,
				BC6D020A1FFB319B00ABBEBE /* MYPlayerView.m */,
				BC6D020B1FFB319B00ABBEBE /* MYPlayerOverlayView.h */,
				BC6D020C1FFB319B00ABBEBE /* MYPlayerView.h */,
			);
			path = Views;
			sourceTree = "<group>";
		};
		BC857CEE1FDE2BAE00E9D1E7 = {
			isa = PBXGroup;
			children = (
				BC857CF91FDE2BAE00E9D1E7 /* MYAVFoundation */,
				BC857D121FDE2BAE00E9D1E7 /* MYAVFoundationTests */,
				BC857D1D1FDE2BAE00E9D1E7 /* MYAVFoundationUITests */,
				BC857CF81FDE2BAE00E9D1E7 /* Products */,
			);
			sourceTree = "<group>";
		};
		BC857CF81FDE2BAE00E9D1E7 /* Products */ = {
			isa = PBXGroup;
			children = (
				BC857CF71FDE2BAE00E9D1E7 /* MYAVFoundation.app */,
				BC857D0F1FDE2BAE00E9D1E7 /* MYAVFoundationTests.xctest */,
				BC857D1A1FDE2BAE00E9D1E7 /* MYAVFoundationUITests.xctest */,
			);
			name = Products;
			sourceTree = "<group>";
		};
		BC857CF91FDE2BAE00E9D1E7 /* MYAVFoundation */ = {
			isa = PBXGroup;
			children = (
				BC940FCB200C9664002431B7 /* MYVideoRecorderDemo */,
				BC857D2C1FDE2CC300E9D1E7 /* MYAVFoundation */,
				BC857D451FDE2D7C00E9D1E7 /* MYMetadataDemo */,
				BC6D01F11FFB307800ABBEBE /* MYVideoPlayerDemo */,
				BC857CFA1FDE2BAE00E9D1E7 /* AppDelegate.h */,
				BC857CFB1FDE2BAE00E9D1E7 /* AppDelegate.m */,
				BC857CFD1FDE2BAE00E9D1E7 /* ViewController.h */,
				BC857CFE1FDE2BAE00E9D1E7 /* ViewController.m */,
				BC857D001FDE2BAE00E9D1E7 /* Main.storyboard */,
				BC857D031FDE2BAE00E9D1E7 /* Assets.xcassets */,
				BC857D051FDE2BAE00E9D1E7 /* LaunchScreen.storyboard */,
				BC857D081FDE2BAE00E9D1E7 /* Info.plist */,
				BC857D091FDE2BAE00E9D1E7 /* main.m */,
			);
			path = MYAVFoundation;
			sourceTree = "<group>";
		};
		BC857D121FDE2BAE00E9D1E7 /* MYAVFoundationTests */ = {
			isa = PBXGroup;
			children = (
				BC857D131FDE2BAE00E9D1E7 /* MYAVFoundationTests.m */,
				BC857D151FDE2BAE00E9D1E7 /* Info.plist */,
			);
			path = MYAVFoundationTests;
			sourceTree = "<group>";
		};
		BC857D1D1FDE2BAE00E9D1E7 /* MYAVFoundationUITests */ = {
			isa = PBXGroup;
			children = (
				BC857D1E1FDE2BAE00E9D1E7 /* MYAVFoundationUITests.m */,
				BC857D201FDE2BAE00E9D1E7 /* Info.plist */,
			);
			path = MYAVFoundationUITests;
			sourceTree = "<group>";
		};
		BC857D2C1FDE2CC300E9D1E7 /* MYAVFoundation */ = {
			isa = PBXGroup;
			children = (
				BC940FE5200C9A2B002431B7 /* MYVideoRecorder */,
				BC857D2D1FDE2CEF00E9D1E7 /* MYMetadataItem */,
				BC6D01F81FFB319B00ABBEBE /* MYVideoPlayer */,
				BC857D461FDE2DB000E9D1E7 /* MYAVFoundation.h */,
			);
			path = MYAVFoundation;
			sourceTree = "<group>";
		};
		BC857D2D1FDE2CEF00E9D1E7 /* MYMetadataItem */ = {
			isa = PBXGroup;
			children = (
				BC857D311FDE2CEF00E9D1E7 /* Converters */,
				BC857D2E1FDE2CEF00E9D1E7 /* MYGenre.h */,
				BC857D391FDE2CEF00E9D1E7 /* MYGenre.m */,
				BC857D2F1FDE2CEF00E9D1E7 /* MYMetadataItem.h */,
				BC857D3A1FDE2CEF00E9D1E7 /* MYMetadataItem.m */,
				BC857D301FDE2CEF00E9D1E7 /* MYMetadata.h */,
				BC857D3B1FDE2CEF00E9D1E7 /* MYMetadata.m */,
				BC857D371FDE2CEF00E9D1E7 /* MYMetadataKeys.h */,
				BC857D3D1FDE2CEF00E9D1E7 /* MYMetadataKeys.m */,
				BC857D381FDE2CEF00E9D1E7 /* AVMetadataItem+Extension.h */,
				BC857D3C1FDE2CEF00E9D1E7 /* AVMetadataItem+Extension.m */,
			);
			path = MYMetadataItem;
			sourceTree = "<group>";
		};
		BC857D311FDE2CEF00E9D1E7 /* Converters */ = {
			isa = PBXGroup;
			children = (
				BC857D321FDE2CEF00E9D1E7 /* MYDefaultMetadataConverter.h */,
				BC857D331FDE2CEF00E9D1E7 /* MYMetadataConverterFactory.m */,
				BC857D341FDE2CEF00E9D1E7 /* MYDefaultMetadataConverter.m */,
				BC857D351FDE2CEF00E9D1E7 /* MYMetadataConverter.h */,
				BC857D361FDE2CEF00E9D1E7 /* MYMetadataConverterFactory.h */,
			);
			path = Converters;
			sourceTree = "<group>";
		};
		BC857D451FDE2D7C00E9D1E7 /* MYMetadataDemo */ = {
			isa = PBXGroup;
			children = (
				BC857D541FDE308200E9D1E7 /* Media */,
				BC857D4C1FDE2FB300E9D1E7 /* MetadataViewController.h */,
				BC857D4D1FDE2FB300E9D1E7 /* MetadataViewController.m */,
				BC857D511FDE303D00E9D1E7 /* DetailViewController.h */,
				BC857D501FDE303D00E9D1E7 /* DetailViewController.m */,
				BC857D4F1FDE303D00E9D1E7 /* DetailViewController.xib */,
			);
			path = MYMetadataDemo;
			sourceTree = "<group>";
		};
		BC857D541FDE308200E9D1E7 /* Media */ = {
			isa = PBXGroup;
			children = (
				BC857D551FDE308200E9D1E7 /* Charlie The Unicorn.m4v */,
				BC857D561FDE308200E9D1E7 /* Hubblecast.mov */,
				BC857D571FDE308200E9D1E7 /* 02 Demo ID3v2.2.mp3 */,
				BC857D581FDE308200E9D1E7 /* 03 Demo ID3v2.3.mp3 */,
				BC857D591FDE308200E9D1E7 /* 01 Demo AAC.m4a */,
				BC857D5A1FDE308200E9D1E7 /* 04 Demo ID3v2.4.mp3 */,
			);
			path = Media;
			sourceTree = "<group>";
		};
		BC940FCB200C9664002431B7 /* MYVideoRecorderDemo */ = {
			isa = PBXGroup;
			children = (
				BC940FCC200C9673002431B7 /* Media */,
				BC940FCF200C96B5002431B7 /* VideoRecorderViewController.h */,
				BC940FD0200C96B5002431B7 /* VideoRecorderViewController.m */,
			);
			path = MYVideoRecorderDemo;
			sourceTree = "<group>";
		};
		BC940FCC200C9673002431B7 /* Media */ = {
			isa = PBXGroup;
			children = (
				BC940FCD200C9684002431B7 /* 照相.png */,
			);
			path = Media;
			sourceTree = "<group>";
		};
		BC940FE5200C9A2B002431B7 /* MYVideoRecorder */ = {
			isa = PBXGroup;
			children = (
				BC940FE6200C9A2B002431B7 /* Controllers */,
				BC940FEB200C9A2B002431B7 /* Views */,
				BC940FF1200C9A2B002431B7 /* MYVideoRecorderResource.bundle */,
			);
			path = MYVideoRecorder;
			sourceTree = "<group>";
		};
		BC940FE6200C9A2B002431B7 /* Controllers */ = {
			isa = PBXGroup;
			children = (
				BC940FE9200C9A2B002431B7 /* MYRecorderViewController.h */,
				BC940FE7200C9A2B002431B7 /* MYRecorderViewController.m */,
				BC940FEA200C9A2B002431B7 /* MYRecorderController.h */,
				BC940FE8200C9A2B002431B7 /* MYRecorderController.m */,
			);
			path = Controllers;
			sourceTree = "<group>";
		};
		BC940FEB200C9A2B002431B7 /* Views */ = {
			isa = PBXGroup;
			children = (
				BC940FF0200C9A2B002431B7 /* MYPreviewView.h */,
				BC940FED200C9A2B002431B7 /* MYPreviewView.m */,
				BC940FEF200C9A2B002431B7 /* MYRecorderOverlayView.h */,
				BC940FEC200C9A2B002431B7 /* MYRecorderOverlayView.m */,
				BC940FEE200C9A2B002431B7 /* MYRecorderOverlayView.xib */,
			);
			path = Views;
			sourceTree = "<group>";
		};
/* End PBXGroup section */

/* Begin PBXNativeTarget section */
		BC857CF61FDE2BAE00E9D1E7 /* MYAVFoundation */ = {
			isa = PBXNativeTarget;
			buildConfigurationList = BC857D231FDE2BAE00E9D1E7 /* Build configuration list for PBXNativeTarget "MYAVFoundation" */;
			buildPhases = (
				BC857CF31FDE2BAE00E9D1E7 /* Sources */,
				BC857CF41FDE2BAE00E9D1E7 /* Frameworks */,
				BC857CF51FDE2BAE00E9D1E7 /* Resources */,
			);
			buildRules = (
			);
			dependencies = (
			);
			name = MYAVFoundation;
			productName = MYAVFoundation;
			productReference = BC857CF71FDE2BAE00E9D1E7 /* MYAVFoundation.app */;
			productType = "com.apple.product-type.application";
		};
		BC857D0E1FDE2BAE00E9D1E7 /* MYAVFoundationTests */ = {
			isa = PBXNativeTarget;
			buildConfigurationList = BC857D261FDE2BAE00E9D1E7 /* Build configuration list for PBXNativeTarget "MYAVFoundationTests" */;
			buildPhases = (
				BC857D0B1FDE2BAE00E9D1E7 /* Sources */,
				BC857D0C1FDE2BAE00E9D1E7 /* Frameworks */,
				BC857D0D1FDE2BAE00E9D1E7 /* Resources */,
			);
			buildRules = (
			);
			dependencies = (
				BC857D111FDE2BAE00E9D1E7 /* PBXTargetDependency */,
			);
			name = MYAVFoundationTests;
			productName = MYAVFoundationTests;
			productReference = BC857D0F1FDE2BAE00E9D1E7 /* MYAVFoundationTests.xctest */;
			productType = "com.apple.product-type.bundle.unit-test";
		};
		BC857D191FDE2BAE00E9D1E7 /* MYAVFoundationUITests */ = {
			isa = PBXNativeTarget;
			buildConfigurationList = BC857D291FDE2BAE00E9D1E7 /* Build configuration list for PBXNativeTarget "MYAVFoundationUITests" */;
			buildPhases = (
				BC857D161FDE2BAE00E9D1E7 /* Sources */,
				BC857D171FDE2BAE00E9D1E7 /* Frameworks */,
				BC857D181FDE2BAE00E9D1E7 /* Resources */,
			);
			buildRules = (
			);
			dependencies = (
				BC857D1C1FDE2BAE00E9D1E7 /* PBXTargetDependency */,
			);
			name = MYAVFoundationUITests;
			productName = MYAVFoundationUITests;
			productReference = BC857D1A1FDE2BAE00E9D1E7 /* MYAVFoundationUITests.xctest */;
			productType = "com.apple.product-type.bundle.ui-testing";
		};
/* End PBXNativeTarget section */

/* Begin PBXProject section */
		BC857CEF1FDE2BAE00E9D1E7 /* Project object */ = {
			isa = PBXProject;
			attributes = {
				LastUpgradeCheck = 0910;
				ORGANIZATIONNAME = mayan;
				TargetAttributes = {
					BC857CF61FDE2BAE00E9D1E7 = {
						CreatedOnToolsVersion = 9.1;
						ProvisioningStyle = Automatic;
					};
					BC857D0E1FDE2BAE00E9D1E7 = {
						CreatedOnToolsVersion = 9.1;
						ProvisioningStyle = Automatic;
						TestTargetID = BC857CF61FDE2BAE00E9D1E7;
					};
					BC857D191FDE2BAE00E9D1E7 = {
						CreatedOnToolsVersion = 9.1;
						ProvisioningStyle = Automatic;
						TestTargetID = BC857CF61FDE2BAE00E9D1E7;
					};
				};
			};
			buildConfigurationList = BC857CF21FDE2BAE00E9D1E7 /* Build configuration list for PBXProject "MYAVFoundation" */;
			compatibilityVersion = "Xcode 8.0";
			developmentRegion = en;
			hasScannedForEncodings = 0;
			knownRegions = (
				en,
				Base,
			);
			mainGroup = BC857CEE1FDE2BAE00E9D1E7;
			productRefGroup = BC857CF81FDE2BAE00E9D1E7 /* Products */;
			projectDirPath = "";
			projectRoot = "";
			targets = (
				BC857CF61FDE2BAE00E9D1E7 /* MYAVFoundation */,
				BC857D0E1FDE2BAE00E9D1E7 /* MYAVFoundationTests */,
				BC857D191FDE2BAE00E9D1E7 /* MYAVFoundationUITests */,
			);
		};
/* End PBXProject section */

/* Begin PBXResourcesBuildPhase section */
		BC857CF51FDE2BAE00E9D1E7 /* Resources */ = {
			isa = PBXResourcesBuildPhase;
			buildActionMask = 2147483647;
			files = (
				BC857D601FDE308200E9D1E7 /* 04 Demo ID3v2.4.mp3 in Resources */,
				BC940FF7200C9A2B002431B7 /* MYVideoRecorderResource.bundle in Resources */,
				BC857D071FDE2BAE00E9D1E7 /* LaunchScreen.storyboard in Resources */,
				BC6D020E1FFB319B00ABBEBE /* MYVideoPlayerResource.bundle in Resources */,
				BC857D041FDE2BAE00E9D1E7 /* Assets.xcassets in Resources */,
				BC857D5E1FDE308200E9D1E7 /* 03 Demo ID3v2.3.mp3 in Resources */,
				BC857D021FDE2BAE00E9D1E7 /* Main.storyboard in Resources */,
				BC940FF6200C9A2B002431B7 /* MYRecorderOverlayView.xib in Resources */,
				BC857D5D1FDE308200E9D1E7 /* 02 Demo ID3v2.2.mp3 in Resources */,
				BC6D01F41FFB30B000ABBEBE /* hubblecast.m4v in Resources */,
				BC857D5F1FDE308200E9D1E7 /* 01 Demo AAC.m4a in Resources */,
				BC6D02141FFB319B00ABBEBE /* MYPlayerOverlayView.xib in Resources */,
				BC857D5C1FDE308200E9D1E7 /* Hubblecast.mov in Resources */,
				BC857D521FDE303D00E9D1E7 /* DetailViewController.xib in Resources */,
				BC940FCE200C9684002431B7 /* 照相.png in Resources */,
				BC857D5B1FDE308200E9D1E7 /* Charlie The Unicorn.m4v in Resources */,
			);
			runOnlyForDeploymentPostprocessing = 0;
		};
		BC857D0D1FDE2BAE00E9D1E7 /* Resources */ = {
			isa = PBXResourcesBuildPhase;
			buildActionMask = 2147483647;
			files = (
			);
			runOnlyForDeploymentPostprocessing = 0;
		};
		BC857D181FDE2BAE00E9D1E7 /* Resources */ = {
			isa = PBXResourcesBuildPhase;
			buildActionMask = 2147483647;
			files = (
			);
			runOnlyForDeploymentPostprocessing = 0;
		};
/* End PBXResourcesBuildPhase section */

/* Begin PBXSourcesBuildPhase section */
		BC857CF31FDE2BAE00E9D1E7 /* Sources */ = {
			isa = PBXSourcesBuildPhase;
			buildActionMask = 2147483647;
			files = (
				BC857D4E1FDE2FB300E9D1E7 /* MetadataViewController.m in Sources */,
				BC6D02121FFB319B00ABBEBE /* MYStillsListViewController.m in Sources */,
				BC857D3F1FDE2CEF00E9D1E7 /* MYDefaultMetadataConverter.m in Sources */,
				BC6D02131FFB319B00ABBEBE /* MYPlayerOverlayView.m in Sources */,
				BC6D020F1FFB319B00ABBEBE /* MYPlayerController.m in Sources */,
				BC857D401FDE2CEF00E9D1E7 /* MYGenre.m in Sources */,
				BC6D01F71FFB30C300ABBEBE /* VideoPlayerViewController.m in Sources */,
				BC6D02101FFB319B00ABBEBE /* MYPlayerViewController.m in Sources */,
				BC857D441FDE2CEF00E9D1E7 /* MYMetadataKeys.m in Sources */,
				BC857CFF1FDE2BAE00E9D1E7 /* ViewController.m in Sources */,
				BC940FF2200C9A2B002431B7 /* MYRecorderViewController.m in Sources */,
				BC857D411FDE2CEF00E9D1E7 /* MYMetadataItem.m in Sources */,
				BC6D02111FFB319B00ABBEBE /* MYSubtitleViewController.m in Sources */,
				BC940FF5200C9A2B002431B7 /* MYPreviewView.m in Sources */,
				BC940FF4200C9A2B002431B7 /* MYRecorderOverlayView.m in Sources */,
				BC857D0A1FDE2BAE00E9D1E7 /* main.m in Sources */,
				BC857D431FDE2CEF00E9D1E7 /* AVMetadataItem+Extension.m in Sources */,
				BC857D3E1FDE2CEF00E9D1E7 /* MYMetadataConverterFactory.m in Sources */,
				BC857D421FDE2CEF00E9D1E7 /* MYMetadata.m in Sources */,
				BC940FF3200C9A2B002431B7 /* MYRecorderController.m in Sources */,
				BC857CFC1FDE2BAE00E9D1E7 /* AppDelegate.m in Sources */,
				BC6D020D1FFB319B00ABBEBE /* MYThumbnail.m in Sources */,
				BC857D531FDE303D00E9D1E7 /* DetailViewController.m in Sources */,
				BC940FD1200C96B5002431B7 /* VideoRecorderViewController.m in Sources */,
				BC6D02151FFB319B00ABBEBE /* MYPlayerView.m in Sources */,
			);
			runOnlyForDeploymentPostprocessing = 0;
		};
		BC857D0B1FDE2BAE00E9D1E7 /* Sources */ = {
			isa = PBXSourcesBuildPhase;
			buildActionMask = 2147483647;
			files = (
				BC857D141FDE2BAE00E9D1E7 /* MYAVFoundationTests.m in Sources */,
			);
			runOnlyForDeploymentPostprocessing = 0;
		};
		BC857D161FDE2BAE00E9D1E7 /* Sources */ = {
			isa = PBXSourcesBuildPhase;
			buildActionMask = 2147483647;
			files = (
				BC857D1F1FDE2BAE00E9D1E7 /* MYAVFoundationUITests.m in Sources */,
			);
			runOnlyForDeploymentPostprocessing = 0;
		};
/* End PBXSourcesBuildPhase section */

/* Begin PBXTargetDependency section */
		BC857D111FDE2BAE00E9D1E7 /* PBXTargetDependency */ = {
			isa = PBXTargetDependency;
			target = BC857CF61FDE2BAE00E9D1E7 /* MYAVFoundation */;
			targetProxy = BC857D101FDE2BAE00E9D1E7 /* PBXContainerItemProxy */;
		};
		BC857D1C1FDE2BAE00E9D1E7 /* PBXTargetDependency */ = {
			isa = PBXTargetDependency;
			target = BC857CF61FDE2BAE00E9D1E7 /* MYAVFoundation */;
			targetProxy = BC857D1B1FDE2BAE00E9D1E7 /* PBXContainerItemProxy */;
		};
/* End PBXTargetDependency section */

/* Begin PBXVariantGroup section */
		BC857D001FDE2BAE00E9D1E7 /* Main.storyboard */ = {
			isa = PBXVariantGroup;
			children = (
				BC857D011FDE2BAE00E9D1E7 /* Base */,
			);
			name = Main.storyboard;
			sourceTree = "<group>";
		};
		BC857D051FDE2BAE00E9D1E7 /* LaunchScreen.storyboard */ = {
			isa = PBXVariantGroup;
			children = (
				BC857D061FDE2BAE00E9D1E7 /* Base */,
			);
			name = LaunchScreen.storyboard;
			sourceTree = "<group>";
		};
/* End PBXVariantGroup section */

/* Begin XCBuildConfiguration section */
		BC857D211FDE2BAE00E9D1E7 /* Debug */ = {
			isa = XCBuildConfiguration;
			buildSettings = {
				ALWAYS_SEARCH_USER_PATHS = NO;
				CLANG_ANALYZER_NONNULL = YES;
				CLANG_ANALYZER_NUMBER_OBJECT_CONVERSION = YES_AGGRESSIVE;
				CLANG_CXX_LANGUAGE_STANDARD = "gnu++14";
				CLANG_CXX_LIBRARY = "libc++";
				CLANG_ENABLE_MODULES = YES;
				CLANG_ENABLE_OBJC_ARC = YES;
				CLANG_WARN_BLOCK_CAPTURE_AUTORELEASING = YES;
				CLANG_WARN_BOOL_CONVERSION = YES;
				CLANG_WARN_COMMA = YES;
				CLANG_WARN_CONSTANT_CONVERSION = YES;
				CLANG_WARN_DIRECT_OBJC_ISA_USAGE = YES_ERROR;
				CLANG_WARN_DOCUMENTATION_COMMENTS = YES;
				CLANG_WARN_EMPTY_BODY = YES;
				CLANG_WARN_ENUM_CONVERSION = YES;
				CLANG_WARN_INFINITE_RECURSION = YES;
				CLANG_WARN_INT_CONVERSION = YES;
				CLANG_WARN_NON_LITERAL_NULL_CONVERSION = YES;
				CLANG_WARN_OBJC_LITERAL_CONVERSION = YES;
				CLANG_WARN_OBJC_ROOT_CLASS = YES_ERROR;
				CLANG_WARN_RANGE_LOOP_ANALYSIS = YES;
				CLANG_WARN_STRICT_PROTOTYPES = YES;
				CLANG_WARN_SUSPICIOUS_MOVE = YES;
				CLANG_WARN_UNGUARDED_AVAILABILITY = YES_AGGRESSIVE;
				CLANG_WARN_UNREACHABLE_CODE = YES;
				CLANG_WARN__DUPLICATE_METHOD_MATCH = YES;
				CODE_SIGN_IDENTITY = "iPhone Developer";
				COPY_PHASE_STRIP = NO;
				DEBUG_INFORMATION_FORMAT = dwarf;
				ENABLE_STRICT_OBJC_MSGSEND = YES;
				ENABLE_TESTABILITY = YES;
				GCC_C_LANGUAGE_STANDARD = gnu11;
				GCC_DYNAMIC_NO_PIC = NO;
				GCC_NO_COMMON_BLOCKS = YES;
				GCC_OPTIMIZATION_LEVEL = 0;
				GCC_PREPROCESSOR_DEFINITIONS = (
					"DEBUG=1",
					"$(inherited)",
				);
				GCC_WARN_64_TO_32_BIT_CONVERSION = YES;
				GCC_WARN_ABOUT_RETURN_TYPE = YES_ERROR;
				GCC_WARN_UNDECLARED_SELECTOR = YES;
				GCC_WARN_UNINITIALIZED_AUTOS = YES_AGGRESSIVE;
				GCC_WARN_UNUSED_FUNCTION = YES;
				GCC_WARN_UNUSED_VARIABLE = YES;
				IPHONEOS_DEPLOYMENT_TARGET = 11.1;
				MTL_ENABLE_DEBUG_INFO = YES;
				ONLY_ACTIVE_ARCH = YES;
				SDKROOT = iphoneos;
			};
			name = Debug;
		};
		BC857D221FDE2BAE00E9D1E7 /* Release */ = {
			isa = XCBuildConfiguration;
			buildSettings = {
				ALWAYS_SEARCH_USER_PATHS = NO;
				CLANG_ANALYZER_NONNULL = YES;
				CLANG_ANALYZER_NUMBER_OBJECT_CONVERSION = YES_AGGRESSIVE;
				CLANG_CXX_LANGUAGE_STANDARD = "gnu++14";
				CLANG_CXX_LIBRARY = "libc++";
				CLANG_ENABLE_MODULES = YES;
				CLANG_ENABLE_OBJC_ARC = YES;
				CLANG_WARN_BLOCK_CAPTURE_AUTORELEASING = YES;
				CLANG_WARN_BOOL_CONVERSION = YES;
				CLANG_WARN_COMMA = YES;
				CLANG_WARN_CONSTANT_CONVERSION = YES;
				CLANG_WARN_DIRECT_OBJC_ISA_USAGE = YES_ERROR;
				CLANG_WARN_DOCUMENTATION_COMMENTS = YES;
				CLANG_WARN_EMPTY_BODY = YES;
				CLANG_WARN_ENUM_CONVERSION = YES;
				CLANG_WARN_INFINITE_RECURSION = YES;
				CLANG_WARN_INT_CONVERSION = YES;
				CLANG_WARN_NON_LITERAL_NULL_CONVERSION = YES;
				CLANG_WARN_OBJC_LITERAL_CONVERSION = YES;
				CLANG_WARN_OBJC_ROOT_CLASS = YES_ERROR;
				CLANG_WARN_RANGE_LOOP_ANALYSIS = YES;
				CLANG_WARN_STRICT_PROTOTYPES = YES;
				CLANG_WARN_SUSPICIOUS_MOVE = YES;
				CLANG_WARN_UNGUARDED_AVAILABILITY = YES_AGGRESSIVE;
				CLANG_WARN_UNREACHABLE_CODE = YES;
				CLANG_WARN__DUPLICATE_METHOD_MATCH = YES;
				CODE_SIGN_IDENTITY = "iPhone Developer";
				COPY_PHASE_STRIP = NO;
				DEBUG_INFORMATION_FORMAT = "dwarf-with-dsym";
				ENABLE_NS_ASSERTIONS = NO;
				ENABLE_STRICT_OBJC_MSGSEND = YES;
				GCC_C_LANGUAGE_STANDARD = gnu11;
				GCC_NO_COMMON_BLOCKS = YES;
				GCC_WARN_64_TO_32_BIT_CONVERSION = YES;
				GCC_WARN_ABOUT_RETURN_TYPE = YES_ERROR;
				GCC_WARN_UNDECLARED_SELECTOR = YES;
				GCC_WARN_UNINITIALIZED_AUTOS = YES_AGGRESSIVE;
				GCC_WARN_UNUSED_FUNCTION = YES;
				GCC_WARN_UNUSED_VARIABLE = YES;
				IPHONEOS_DEPLOYMENT_TARGET = 11.1;
				MTL_ENABLE_DEBUG_INFO = NO;
				SDKROOT = iphoneos;
				VALIDATE_PRODUCT = YES;
			};
			name = Release;
		};
		BC857D241FDE2BAE00E9D1E7 /* Debug */ = {
			isa = XCBuildConfiguration;
			buildSettings = {
				ASSETCATALOG_COMPILER_APPICON_NAME = AppIcon;
				CODE_SIGN_STYLE = Automatic;
				DEVELOPMENT_TEAM = T5Y5G8MDK4;
				INFOPLIST_FILE = MYAVFoundation/Info.plist;
				IPHONEOS_DEPLOYMENT_TARGET = 8.0;
				LD_RUNPATH_SEARCH_PATHS = "$(inherited) @executable_path/Frameworks";
				PRODUCT_BUNDLE_IDENTIFIER = com.mayan.VideoRecorder;
				PRODUCT_NAME = "$(TARGET_NAME)";
				TARGETED_DEVICE_FAMILY = 1;
			};
			name = Debug;
		};
		BC857D251FDE2BAE00E9D1E7 /* Release */ = {
			isa = XCBuildConfiguration;
			buildSettings = {
				ASSETCATALOG_COMPILER_APPICON_NAME = AppIcon;
				CODE_SIGN_STYLE = Automatic;
				DEVELOPMENT_TEAM = T5Y5G8MDK4;
				INFOPLIST_FILE = MYAVFoundation/Info.plist;
				IPHONEOS_DEPLOYMENT_TARGET = 8.0;
				LD_RUNPATH_SEARCH_PATHS = "$(inherited) @executable_path/Frameworks";
				PRODUCT_BUNDLE_IDENTIFIER = com.mayan.VideoRecorder;
				PRODUCT_NAME = "$(TARGET_NAME)";
				TARGETED_DEVICE_FAMILY = 1;
			};
			name = Release;
		};
		BC857D271FDE2BAE00E9D1E7 /* Debug */ = {
			isa = XCBuildConfiguration;
			buildSettings = {
				BUNDLE_LOADER = "$(TEST_HOST)";
				CODE_SIGN_STYLE = Automatic;
				DEVELOPMENT_TEAM = T5Y5G8MDK4;
				INFOPLIST_FILE = MYAVFoundationTests/Info.plist;
				LD_RUNPATH_SEARCH_PATHS = "$(inherited) @executable_path/Frameworks @loader_path/Frameworks";
				PRODUCT_BUNDLE_IDENTIFIER = com.mayan.MYAVFoundationTests;
				PRODUCT_NAME = "$(TARGET_NAME)";
				TARGETED_DEVICE_FAMILY = "1,2";
				TEST_HOST = "$(BUILT_PRODUCTS_DIR)/MYAVFoundation.app/MYAVFoundation";
			};
			name = Debug;
		};
		BC857D281FDE2BAE00E9D1E7 /* Release */ = {
			isa = XCBuildConfiguration;
			buildSettings = {
				BUNDLE_LOADER = "$(TEST_HOST)";
				CODE_SIGN_STYLE = Automatic;
				DEVELOPMENT_TEAM = T5Y5G8MDK4;
				INFOPLIST_FILE = MYAVFoundationTests/Info.plist;
				LD_RUNPATH_SEARCH_PATHS = "$(inherited) @executable_path/Frameworks @loader_path/Frameworks";
				PRODUCT_BUNDLE_IDENTIFIER = com.mayan.MYAVFoundationTests;
				PRODUCT_NAME = "$(TARGET_NAME)";
				TARGETED_DEVICE_FAMILY = "1,2";
				TEST_HOST = "$(BUILT_PRODUCTS_DIR)/MYAVFoundation.app/MYAVFoundation";
			};
			name = Release;
		};
		BC857D2A1FDE2BAE00E9D1E7 /* Debug */ = {
			isa = XCBuildConfiguration;
			buildSettings = {
				CODE_SIGN_STYLE = Automatic;
				DEVELOPMENT_TEAM = T5Y5G8MDK4;
				INFOPLIST_FILE = MYAVFoundationUITests/Info.plist;
				LD_RUNPATH_SEARCH_PATHS = "$(inherited) @executable_path/Frameworks @loader_path/Frameworks";
				PRODUCT_BUNDLE_IDENTIFIER = com.mayan.MYAVFoundationUITests;
				PRODUCT_NAME = "$(TARGET_NAME)";
				TARGETED_DEVICE_FAMILY = "1,2";
				TEST_TARGET_NAME = MYAVFoundation;
			};
			name = Debug;
		};
		BC857D2B1FDE2BAE00E9D1E7 /* Release */ = {
			isa = XCBuildConfiguration;
			buildSettings = {
				CODE_SIGN_STYLE = Automatic;
				DEVELOPMENT_TEAM = T5Y5G8MDK4;
				INFOPLIST_FILE = MYAVFoundationUITests/Info.plist;
				LD_RUNPATH_SEARCH_PATHS = "$(inherited) @executable_path/Frameworks @loader_path/Frameworks";
				PRODUCT_BUNDLE_IDENTIFIER = com.mayan.MYAVFoundationUITests;
				PRODUCT_NAME = "$(TARGET_NAME)";
				TARGETED_DEVICE_FAMILY = "1,2";
				TEST_TARGET_NAME = MYAVFoundation;
			};
			name = Release;
		};
/* End XCBuildConfiguration section */

/* Begin XCConfigurationList section */
		BC857CF21FDE2BAE00E9D1E7 /* Build configuration list for PBXProject "MYAVFoundation" */ = {
			isa = XCConfigurationList;
			buildConfigurations = (
				BC857D211FDE2BAE00E9D1E7 /* Debug */,
				BC857D221FDE2BAE00E9D1E7 /* Release */,
			);
			defaultConfigurationIsVisible = 0;
			defaultConfigurationName = Release;
		};
		BC857D231FDE2BAE00E9D1E7 /* Build configuration list for PBXNativeTarget "MYAVFoundation" */ = {
			isa = XCConfigurationList;
			buildConfigurations = (
				BC857D241FDE2BAE00E9D1E7 /* Debug */,
				BC857D251FDE2BAE00E9D1E7 /* Release */,
			);
			defaultConfigurationIsVisible = 0;
			defaultConfigurationName = Release;
		};
		BC857D261FDE2BAE00E9D1E7 /* Build configuration list for PBXNativeTarget "MYAVFoundationTests" */ = {
			isa = XCConfigurationList;
			buildConfigurations = (
				BC857D271FDE2BAE00E9D1E7 /* Debug */,
				BC857D281FDE2BAE00E9D1E7 /* Release */,
			);
			defaultConfigurationIsVisible = 0;
			defaultConfigurationName = Release;
		};
		BC857D291FDE2BAE00E9D1E7 /* Build configuration list for PBXNativeTarget "MYAVFoundationUITests" */ = {
			isa = XCConfigurationList;
			buildConfigurations = (
				BC857D2A1FDE2BAE00E9D1E7 /* Debug */,
				BC857D2B1FDE2BAE00E9D1E7 /* Release */,
			);
			defaultConfigurationIsVisible = 0;
			defaultConfigurationName = Release;
		};
/* End XCConfigurationList section */
	};
	rootObject = BC857CEF1FDE2BAE00E9D1E7 /* Project object */;
}
